// !$*UTF8*$!
{
	archiveVersion = 1;
	classes = {
	};
	objectVersion = 77;
	objects = {

/* Begin PBXBuildFile section */
		B90571EC2E1A729200C9C305 /* UIViewControllerRepresetable.swift in Sources */ = {isa = PBXBuildFile; fileRef = B90571EB2E1A729200C9C305 /* UIViewControllerRepresetable.swift */; };
		B92FF6392E19C16F00DA3935 /* UIViewRepresentamle.swift in Sources */ = {isa = PBXBuildFile; fileRef = B92FF6382E19C16100DA3935 /* UIViewRepresentamle.swift */; };
		B94FA0502E124B3100C1CC68 /* ButtonStyle.swift in Sources */ = {isa = PBXBuildFile; fileRef = B94FA04F2E124B2500C1CC68 /* ButtonStyle.swift */; };
		B94FA0522E124E3C00C1CC68 /* CustomAnyTransition.swift in Sources */ = {isa = PBXBuildFile; fileRef = B94FA0512E124E3300C1CC68 /* CustomAnyTransition.swift */; };
		B94FA0542E1260EA00C1CC68 /* MatchedGeometryEffect.swift in Sources */ = {isa = PBXBuildFile; fileRef = B94FA0532E1260DB00C1CC68 /* MatchedGeometryEffect.swift */; };
		B96F66E22E12FC3F00452FE6 /* CustomShape.swift in Sources */ = {isa = PBXBuildFile; fileRef = B96F66E12E12FC3400452FE6 /* CustomShape.swift */; };
		B96F66E42E13000700452FE6 /* CustomCurves.swift in Sources */ = {isa = PBXBuildFile; fileRef = B96F66E32E12FFD500452FE6 /* CustomCurves.swift */; };
		B9763EC22E165FCF00E85D71 /* CustomTabBarContainerView.swift in Sources */ = {isa = PBXBuildFile; fileRef = B9763EBE2E165FCF00E85D71 /* CustomTabBarContainerView.swift */; };
		B9763EC32E165FCF00E85D71 /* TabBarItem.swift in Sources */ = {isa = PBXBuildFile; fileRef = B9763EC02E165FCF00E85D71 /* TabBarItem.swift */; };
		B9763EC42E165FCF00E85D71 /* CustomTabBarView.swift in Sources */ = {isa = PBXBuildFile; fileRef = B9763EBD2E165FCF00E85D71 /* CustomTabBarView.swift */; };
		B9763EC52E165FCF00E85D71 /* AppTabBarView.swift in Sources */ = {isa = PBXBuildFile; fileRef = B9763EBC2E165FCF00E85D71 /* AppTabBarView.swift */; };
		B9763EC62E165FCF00E85D71 /* TabBarItemsPreferenceKey.swift in Sources */ = {isa = PBXBuildFile; fileRef = B9763EBF2E165FCF00E85D71 /* TabBarItemsPreferenceKey.swift */; };
		B99C90442E1AD54400C9ED78 /* ProtocolsBootcamp.swift in Sources */ = {isa = PBXBuildFile; fileRef = B99C90432E1AD54400C9ED78 /* ProtocolsBootcamp.swift */; };
		B99FE9AF2E1B8B17002CFBB1 /* DependencyInjectionBootcamp.swift in Sources */ = {isa = PBXBuildFile; fileRef = B99FE9AE2E1B8B17002CFBB1 /* DependencyInjectionBootcamp.swift */; };
		B9AE1DA32E151708001987A8 /* ViewBuilders.swift in Sources */ = {isa = PBXBuildFile; fileRef = B9AE1DA22E1516FC001987A8 /* ViewBuilders.swift */; };
		B9AE1DA52E1528DD001987A8 /* PreferenceKey.swift in Sources */ = {isa = PBXBuildFile; fileRef = B9AE1DA42E1528D8001987A8 /* PreferenceKey.swift */; };
		B9AE1DA72E154263001987A8 /* GeometryPreferenceKey.swift in Sources */ = {isa = PBXBuildFile; fileRef = B9AE1DA62E154258001987A8 /* GeometryPreferenceKey.swift */; };
		B9AE1DA92E154557001987A8 /* ScrollViewOffsetPreferenceKey.swift in Sources */ = {isa = PBXBuildFile; fileRef = B9AE1DA82E154546001987A8 /* ScrollViewOffsetPreferenceKey.swift */; };
		B9DA6B5E2E1197F700B2BDD0 /* ContentView.swift in Sources */ = {isa = PBXBuildFile; fileRef = B9DA6B5B2E1197F700B2BDD0 /* ContentView.swift */; };
		B9DA6B5F2E1197F700B2BDD0 /* SwiftUIMasterCourseApp.swift in Sources */ = {isa = PBXBuildFile; fileRef = B9DA6B5C2E1197F700B2BDD0 /* SwiftUIMasterCourseApp.swift */; };
		B9DA6B602E1197F700B2BDD0 /* Assets.xcassets in Resources */ = {isa = PBXBuildFile; fileRef = B9DA6B5A2E1197F700B2BDD0 /* Assets.xcassets */; };
		B9DA6B632E11981800B2BDD0 /* ViewModifierFile.swift in Sources */ = {isa = PBXBuildFile; fileRef = B9DA6B622E11980E00B2BDD0 /* ViewModifierFile.swift */; };
		B9E41CE32E184789004B4686 /* CustomNavLink.swift in Sources */ = {isa = PBXBuildFile; fileRef = B9E41CE02E184789004B4686 /* CustomNavLink.swift */; };
		B9E41CE42E184789004B4686 /* CustomNavView.swift in Sources */ = {isa = PBXBuildFile; fileRef = B9E41CDD2E184789004B4686 /* CustomNavView.swift */; };
		B9E41CE52E184789004B4686 /* CustomNavBarContainerView.swift in Sources */ = {isa = PBXBuildFile; fileRef = B9E41CDF2E184789004B4686 /* CustomNavBarContainerView.swift */; };
		B9E41CE62E184789004B4686 /* CustomNavBarPreferenceKeys.swift in Sources */ = {isa = PBXBuildFile; fileRef = B9E41CE12E184789004B4686 /* CustomNavBarPreferenceKeys.swift */; };
		B9E41CE72E184789004B4686 /* AppNavBarView.swift in Sources */ = {isa = PBXBuildFile; fileRef = B9E41CDC2E184789004B4686 /* AppNavBarView.swift */; };
		B9E41CE82E184789004B4686 /* CustomNavBarView.swift in Sources */ = {isa = PBXBuildFile; fileRef = B9E41CDE2E184789004B4686 /* CustomNavBarView.swift */; };
		B9FB10682E141D0100F034DA /* AnimateCustomShape.swift in Sources */ = {isa = PBXBuildFile; fileRef = B9FB10672E141CFB00F034DA /* AnimateCustomShape.swift */; };
		B9FB106A2E14362400F034DA /* Generics.swift in Sources */ = {isa = PBXBuildFile; fileRef = B9FB10692E14362000F034DA /* Generics.swift */; };
/* End PBXBuildFile section */

/* Begin PBXFileReference section */
		B90571EB2E1A729200C9C305 /* UIViewControllerRepresetable.swift */ = {isa = PBXFileReference; lastKnownFileType = sourcecode.swift; path = UIViewControllerRepresetable.swift; sourceTree = "<group>"; };
		B92FF6382E19C16100DA3935 /* UIViewRepresentamle.swift */ = {isa = PBXFileReference; lastKnownFileType = sourcecode.swift; path = UIViewRepresentamle.swift; sourceTree = "<group>"; };
		B94FA04F2E124B2500C1CC68 /* ButtonStyle.swift */ = {isa = PBXFileReference; lastKnownFileType = sourcecode.swift; path = ButtonStyle.swift; sourceTree = "<group>"; };
		B94FA0512E124E3300C1CC68 /* CustomAnyTransition.swift */ = {isa = PBXFileReference; lastKnownFileType = sourcecode.swift; path = CustomAnyTransition.swift; sourceTree = "<group>"; };
		B94FA0532E1260DB00C1CC68 /* MatchedGeometryEffect.swift */ = {isa = PBXFileReference; lastKnownFileType = sourcecode.swift; path = MatchedGeometryEffect.swift; sourceTree = "<group>"; };
		B96F66E12E12FC3400452FE6 /* CustomShape.swift */ = {isa = PBXFileReference; lastKnownFileType = sourcecode.swift; path = CustomShape.swift; sourceTree = "<group>"; };
		B96F66E32E12FFD500452FE6 /* CustomCurves.swift */ = {isa = PBXFileReference; lastKnownFileType = sourcecode.swift; path = CustomCurves.swift; sourceTree = "<group>"; };
		B9763EBC2E165FCF00E85D71 /* AppTabBarView.swift */ = {isa = PBXFileReference; lastKnownFileType = sourcecode.swift; path = AppTabBarView.swift; sourceTree = "<group>"; };
		B9763EBD2E165FCF00E85D71 /* CustomTabBarView.swift */ = {isa = PBXFileReference; lastKnownFileType = sourcecode.swift; path = CustomTabBarView.swift; sourceTree = "<group>"; };
		B9763EBE2E165FCF00E85D71 /* CustomTabBarContainerView.swift */ = {isa = PBXFileReference; lastKnownFileType = sourcecode.swift; path = CustomTabBarContainerView.swift; sourceTree = "<group>"; };
		B9763EBF2E165FCF00E85D71 /* TabBarItemsPreferenceKey.swift */ = {isa = PBXFileReference; lastKnownFileType = sourcecode.swift; path = TabBarItemsPreferenceKey.swift; sourceTree = "<group>"; };
		B9763EC02E165FCF00E85D71 /* TabBarItem.swift */ = {isa = PBXFileReference; lastKnownFileType = sourcecode.swift; path = TabBarItem.swift; sourceTree = "<group>"; };
		B99C90432E1AD54400C9ED78 /* ProtocolsBootcamp.swift */ = {isa = PBXFileReference; lastKnownFileType = sourcecode.swift; path = ProtocolsBootcamp.swift; sourceTree = "<group>"; };
		B99FE9AE2E1B8B17002CFBB1 /* DependencyInjectionBootcamp.swift */ = {isa = PBXFileReference; lastKnownFileType = sourcecode.swift; path = DependencyInjectionBootcamp.swift; sourceTree = "<group>"; };
		B9AE1DA22E1516FC001987A8 /* ViewBuilders.swift */ = {isa = PBXFileReference; lastKnownFileType = sourcecode.swift; path = ViewBuilders.swift; sourceTree = "<group>"; };
		B9AE1DA42E1528D8001987A8 /* PreferenceKey.swift */ = {isa = PBXFileReference; lastKnownFileType = sourcecode.swift; path = PreferenceKey.swift; sourceTree = "<group>"; };
		B9AE1DA62E154258001987A8 /* GeometryPreferenceKey.swift */ = {isa = PBXFileReference; lastKnownFileType = sourcecode.swift; path = GeometryPreferenceKey.swift; sourceTree = "<group>"; };
		B9AE1DA82E154546001987A8 /* ScrollViewOffsetPreferenceKey.swift */ = {isa = PBXFileReference; lastKnownFileType = sourcecode.swift; path = ScrollViewOffsetPreferenceKey.swift; sourceTree = "<group>"; };
		B9DA6B4C2E11971E00B2BDD0 /* SwiftUIMasterCourse.app */ = {isa = PBXFileReference; explicitFileType = wrapper.application; includeInIndex = 0; path = SwiftUIMasterCourse.app; sourceTree = BUILT_PRODUCTS_DIR; };
		B9DA6B5A2E1197F700B2BDD0 /* Assets.xcassets */ = {isa = PBXFileReference; lastKnownFileType = folder.assetcatalog; path = Assets.xcassets; sourceTree = "<group>"; };
		B9DA6B5B2E1197F700B2BDD0 /* ContentView.swift */ = {isa = PBXFileReference; lastKnownFileType = sourcecode.swift; path = ContentView.swift; sourceTree = "<group>"; };
		B9DA6B5C2E1197F700B2BDD0 /* SwiftUIMasterCourseApp.swift */ = {isa = PBXFileReference; lastKnownFileType = sourcecode.swift; path = SwiftUIMasterCourseApp.swift; sourceTree = "<group>"; };
		B9DA6B622E11980E00B2BDD0 /* ViewModifierFile.swift */ = {isa = PBXFileReference; lastKnownFileType = sourcecode.swift; path = ViewModifierFile.swift; sourceTree = "<group>"; };
		B9E41CDC2E184789004B4686 /* AppNavBarView.swift */ = {isa = PBXFileReference; lastKnownFileType = sourcecode.swift; path = AppNavBarView.swift; sourceTree = "<group>"; };
		B9E41CDD2E184789004B4686 /* CustomNavView.swift */ = {isa = PBXFileReference; lastKnownFileType = sourcecode.swift; path = CustomNavView.swift; sourceTree = "<group>"; };
		B9E41CDE2E184789004B4686 /* CustomNavBarView.swift */ = {isa = PBXFileReference; lastKnownFileType = sourcecode.swift; path = CustomNavBarView.swift; sourceTree = "<group>"; };
		B9E41CDF2E184789004B4686 /* CustomNavBarContainerView.swift */ = {isa = PBXFileReference; lastKnownFileType = sourcecode.swift; path = CustomNavBarContainerView.swift; sourceTree = "<group>"; };
		B9E41CE02E184789004B4686 /* CustomNavLink.swift */ = {isa = PBXFileReference; lastKnownFileType = sourcecode.swift; path = CustomNavLink.swift; sourceTree = "<group>"; };
		B9E41CE12E184789004B4686 /* CustomNavBarPreferenceKeys.swift */ = {isa = PBXFileReference; lastKnownFileType = sourcecode.swift; path = CustomNavBarPreferenceKeys.swift; sourceTree = "<group>"; };
		B9FB10672E141CFB00F034DA /* AnimateCustomShape.swift */ = {isa = PBXFileReference; lastKnownFileType = sourcecode.swift; path = AnimateCustomShape.swift; sourceTree = "<group>"; };
		B9FB10692E14362000F034DA /* Generics.swift */ = {isa = PBXFileReference; lastKnownFileType = sourcecode.swift; path = Generics.swift; sourceTree = "<group>"; };
/* End PBXFileReference section */

/* Begin PBXFrameworksBuildPhase section */
		B9DA6B492E11971E00B2BDD0 /* Frameworks */ = {
			isa = PBXFrameworksBuildPhase;
			buildActionMask = 2147483647;
			files = (
			);
			runOnlyForDeploymentPostprocessing = 0;
		};
/* End PBXFrameworksBuildPhase section */

/* Begin PBXGroup section */
		B9763EC12E165FCF00E85D71 /* CustomTabBar */ = {
			isa = PBXGroup;
			children = (
				B9763EBC2E165FCF00E85D71 /* AppTabBarView.swift */,
				B9763EBD2E165FCF00E85D71 /* CustomTabBarView.swift */,
				B9763EBE2E165FCF00E85D71 /* CustomTabBarContainerView.swift */,
				B9763EBF2E165FCF00E85D71 /* TabBarItemsPreferenceKey.swift */,
				B9763EC02E165FCF00E85D71 /* TabBarItem.swift */,
			);
			path = CustomTabBar;
			sourceTree = "<group>";
		};
		B9AE1DAA2E15455B001987A8 /* Preferencekey */ = {
			isa = PBXGroup;
			children = (
				B9AE1DA82E154546001987A8 /* ScrollViewOffsetPreferenceKey.swift */,
				B9AE1DA62E154258001987A8 /* GeometryPreferenceKey.swift */,
				B9AE1DA42E1528D8001987A8 /* PreferenceKey.swift */,
			);
			path = Preferencekey;
			sourceTree = "<group>";
		};
		B9DA6B432E11971E00B2BDD0 = {
			isa = PBXGroup;
			children = (
				B9DA6B5D2E1197F700B2BDD0 /* SwiftUIMasterCourse */,
				B9DA6B4D2E11971E00B2BDD0 /* Products */,
			);
			sourceTree = "<group>";
		};
		B9DA6B4D2E11971E00B2BDD0 /* Products */ = {
			isa = PBXGroup;
			children = (
				B9DA6B4C2E11971E00B2BDD0 /* SwiftUIMasterCourse.app */,
			);
			name = Products;
			sourceTree = "<group>";
		};
		B9DA6B5D2E1197F700B2BDD0 /* SwiftUIMasterCourse */ = {
			isa = PBXGroup;
			children = (
				B99FE9AE2E1B8B17002CFBB1 /* DependencyInjectionBootcamp.swift */,
				B99C90432E1AD54400C9ED78 /* ProtocolsBootcamp.swift */,
				B90571EB2E1A729200C9C305 /* UIViewControllerRepresetable.swift */,
				B92FF6382E19C16100DA3935 /* UIViewRepresentamle.swift */,
				B9E41CE22E184789004B4686 /* CustomNavBar */,
				B9763EC12E165FCF00E85D71 /* CustomTabBar */,
				B9AE1DAA2E15455B001987A8 /* Preferencekey */,
				B9AE1DA22E1516FC001987A8 /* ViewBuilders.swift */,
				B9FB10692E14362000F034DA /* Generics.swift */,
				B9FB10672E141CFB00F034DA /* AnimateCustomShape.swift */,
				B96F66E32E12FFD500452FE6 /* CustomCurves.swift */,
				B96F66E12E12FC3400452FE6 /* CustomShape.swift */,
				B94FA0532E1260DB00C1CC68 /* MatchedGeometryEffect.swift */,
				B94FA0512E124E3300C1CC68 /* CustomAnyTransition.swift */,
				B94FA04F2E124B2500C1CC68 /* ButtonStyle.swift */,
				B9DA6B612E1197F900B2BDD0 /* ViewModifier */,
				B9DA6B5A2E1197F700B2BDD0 /* Assets.xcassets */,
				B9DA6B5B2E1197F700B2BDD0 /* ContentView.swift */,
				B9DA6B5C2E1197F700B2BDD0 /* SwiftUIMasterCourseApp.swift */,
			);
			path = SwiftUIMasterCourse;
			sourceTree = "<group>";
		};
		B9DA6B612E1197F900B2BDD0 /* ViewModifier */ = {
			isa = PBXGroup;
			children = (
				B9DA6B622E11980E00B2BDD0 /* ViewModifierFile.swift */,
			);
			path = ViewModifier;
			sourceTree = "<group>";
		};
		B9E41CE22E184789004B4686 /* CustomNavBar */ = {
			isa = PBXGroup;
			children = (
				B9E41CDC2E184789004B4686 /* AppNavBarView.swift */,
				B9E41CDD2E184789004B4686 /* CustomNavView.swift */,
				B9E41CDE2E184789004B4686 /* CustomNavBarView.swift */,
				B9E41CDF2E184789004B4686 /* CustomNavBarContainerView.swift */,
				B9E41CE02E184789004B4686 /* CustomNavLink.swift */,
				B9E41CE12E184789004B4686 /* CustomNavBarPreferenceKeys.swift */,
			);
			path = CustomNavBar;
			sourceTree = "<group>";
		};
/* End PBXGroup section */

/* Begin PBXNativeTarget section */
		B9DA6B4B2E11971E00B2BDD0 /* SwiftUIMasterCourse */ = {
			isa = PBXNativeTarget;
			buildConfigurationList = B9DA6B572E11972000B2BDD0 /* Build configuration list for PBXNativeTarget "SwiftUIMasterCourse" */;
			buildPhases = (
				B9DA6B482E11971E00B2BDD0 /* Sources */,
				B9DA6B492E11971E00B2BDD0 /* Frameworks */,
				B9DA6B4A2E11971E00B2BDD0 /* Resources */,
			);
			buildRules = (
			);
			dependencies = (
			);
			name = SwiftUIMasterCourse;
			packageProductDependencies = (
			);
			productName = SwiftUIMasterCourse;
			productReference = B9DA6B4C2E11971E00B2BDD0 /* SwiftUIMasterCourse.app */;
			productType = "com.apple.product-type.application";
		};
/* End PBXNativeTarget section */

/* Begin PBXProject section */
		B9DA6B442E11971E00B2BDD0 /* Project object */ = {
			isa = PBXProject;
			attributes = {
				BuildIndependentTargetsInParallel = 1;
				LastSwiftUpdateCheck = 1630;
				LastUpgradeCheck = 1630;
				TargetAttributes = {
					B9DA6B4B2E11971E00B2BDD0 = {
						CreatedOnToolsVersion = 16.3;
					};
				};
			};
			buildConfigurationList = B9DA6B472E11971E00B2BDD0 /* Build configuration list for PBXProject "SwiftUIMasterCourse" */;
			developmentRegion = en;
			hasScannedForEncodings = 0;
			knownRegions = (
				en,
				Base,
			);
			mainGroup = B9DA6B432E11971E00B2BDD0;
			minimizedProjectReferenceProxies = 1;
			preferredProjectObjectVersion = 77;
			productRefGroup = B9DA6B4D2E11971E00B2BDD0 /* Products */;
			projectDirPath = "";
			projectRoot = "";
			targets = (
				B9DA6B4B2E11971E00B2BDD0 /* SwiftUIMasterCourse */,
			);
		};
/* End PBXProject section */

/* Begin PBXResourcesBuildPhase section */
		B9DA6B4A2E11971E00B2BDD0 /* Resources */ = {
			isa = PBXResourcesBuildPhase;
			buildActionMask = 2147483647;
			files = (
				B9DA6B602E1197F700B2BDD0 /* Assets.xcassets in Resources */,
			);
			runOnlyForDeploymentPostprocessing = 0;
		};
/* End PBXResourcesBuildPhase section */

/* Begin PBXSourcesBuildPhase section */
		B9DA6B482E11971E00B2BDD0 /* Sources */ = {
			isa = PBXSourcesBuildPhase;
			buildActionMask = 2147483647;
			files = (
				B96F66E42E13000700452FE6 /* CustomCurves.swift in Sources */,
				B9E41CE32E184789004B4686 /* CustomNavLink.swift in Sources */,
				B9E41CE42E184789004B4686 /* CustomNavView.swift in Sources */,
				B9E41CE52E184789004B4686 /* CustomNavBarContainerView.swift in Sources */,
				B99C90442E1AD54400C9ED78 /* ProtocolsBootcamp.swift in Sources */,
				B90571EC2E1A729200C9C305 /* UIViewControllerRepresetable.swift in Sources */,
				B9E41CE62E184789004B4686 /* CustomNavBarPreferenceKeys.swift in Sources */,
				B9E41CE72E184789004B4686 /* AppNavBarView.swift in Sources */,
				B9E41CE82E184789004B4686 /* CustomNavBarView.swift in Sources */,
				B9FB10682E141D0100F034DA /* AnimateCustomShape.swift in Sources */,
				B9AE1DA32E151708001987A8 /* ViewBuilders.swift in Sources */,
				B9DA6B5E2E1197F700B2BDD0 /* ContentView.swift in Sources */,
				B94FA0502E124B3100C1CC68 /* ButtonStyle.swift in Sources */,
				B9AE1DA72E154263001987A8 /* GeometryPreferenceKey.swift in Sources */,
				B9DA6B632E11981800B2BDD0 /* ViewModifierFile.swift in Sources */,
				B9AE1DA52E1528DD001987A8 /* PreferenceKey.swift in Sources */,
				B94FA0542E1260EA00C1CC68 /* MatchedGeometryEffect.swift in Sources */,
				B9DA6B5F2E1197F700B2BDD0 /* SwiftUIMasterCourseApp.swift in Sources */,
				B9763EC22E165FCF00E85D71 /* CustomTabBarContainerView.swift in Sources */,
				B9763EC32E165FCF00E85D71 /* TabBarItem.swift in Sources */,
				B9763EC42E165FCF00E85D71 /* CustomTabBarView.swift in Sources */,
				B9763EC52E165FCF00E85D71 /* AppTabBarView.swift in Sources */,
				B9763EC62E165FCF00E85D71 /* TabBarItemsPreferenceKey.swift in Sources */,
				B9FB106A2E14362400F034DA /* Generics.swift in Sources */,
				B92FF6392E19C16F00DA3935 /* UIViewRepresentamle.swift in Sources */,
				B9AE1DA92E154557001987A8 /* ScrollViewOffsetPreferenceKey.swift in Sources */,
				B96F66E22E12FC3F00452FE6 /* CustomShape.swift in Sources */,
				B99FE9AF2E1B8B17002CFBB1 /* DependencyInjectionBootcamp.swift in Sources */,
				B94FA0522E124E3C00C1CC68 /* CustomAnyTransition.swift in Sources */,
			);
			runOnlyForDeploymentPostprocessing = 0;
		};
/* End PBXSourcesBuildPhase section */

/* Begin XCBuildConfiguration section */
		B9DA6B552E11972000B2BDD0 /* Debug */ = {
			isa = XCBuildConfiguration;
			buildSettings = {
				ALWAYS_SEARCH_USER_PATHS = NO;
				ASSETCATALOG_COMPILER_GENERATE_SWIFT_ASSET_SYMBOL_EXTENSIONS = YES;
				CLANG_ANALYZER_NONNULL = YES;
				CLANG_ANALYZER_NUMBER_OBJECT_CONVERSION = YES_AGGRESSIVE;
				CLANG_CXX_LANGUAGE_STANDARD = "gnu++20";
				CLANG_ENABLE_MODULES = YES;
				CLANG_ENABLE_OBJC_ARC = YES;
				CLANG_ENABLE_OBJC_WEAK = YES;
				CLANG_WARN_BLOCK_CAPTURE_AUTORELEASING = YES;
				CLANG_WARN_BOOL_CONVERSION = YES;
				CLANG_WARN_COMMA = YES;
				CLANG_WARN_CONSTANT_CONVERSION = YES;
				CLANG_WARN_DEPRECATED_OBJC_IMPLEMENTATIONS = YES;
				CLANG_WARN_DIRECT_OBJC_ISA_USAGE = YES_ERROR;
				CLANG_WARN_DOCUMENTATION_COMMENTS = YES;
				CLANG_WARN_EMPTY_BODY = YES;
				CLANG_WARN_ENUM_CONVERSION = YES;
				CLANG_WARN_INFINITE_RECURSION = YES;
				CLANG_WARN_INT_CONVERSION = YES;
				CLANG_WARN_NON_LITERAL_NULL_CONVERSION = YES;
				CLANG_WARN_OBJC_IMPLICIT_RETAIN_SELF = YES;
				CLANG_WARN_OBJC_LITERAL_CONVERSION = YES;
				CLANG_WARN_OBJC_ROOT_CLASS = YES_ERROR;
				CLANG_WARN_QUOTED_INCLUDE_IN_FRAMEWORK_HEADER = YES;
				CLANG_WARN_RANGE_LOOP_ANALYSIS = YES;
				CLANG_WARN_STRICT_PROTOTYPES = YES;
				CLANG_WARN_SUSPICIOUS_MOVE = YES;
				CLANG_WARN_UNGUARDED_AVAILABILITY = YES_AGGRESSIVE;
				CLANG_WARN_UNREACHABLE_CODE = YES;
				CLANG_WARN__DUPLICATE_METHOD_MATCH = YES;
				COPY_PHASE_STRIP = NO;
				DEBUG_INFORMATION_FORMAT = dwarf;
				DEVELOPMENT_TEAM = LGDK2TXW59;
				ENABLE_STRICT_OBJC_MSGSEND = YES;
				ENABLE_TESTABILITY = YES;
				ENABLE_USER_SCRIPT_SANDBOXING = YES;
				GCC_C_LANGUAGE_STANDARD = gnu17;
				GCC_DYNAMIC_NO_PIC = NO;
				GCC_NO_COMMON_BLOCKS = YES;
				GCC_OPTIMIZATION_LEVEL = 0;
				GCC_PREPROCESSOR_DEFINITIONS = (
					"DEBUG=1",
					"$(inherited)",
				);
				GCC_WARN_64_TO_32_BIT_CONVERSION = YES;
				GCC_WARN_ABOUT_RETURN_TYPE = YES_ERROR;
				GCC_WARN_UNDECLARED_SELECTOR = YES;
				GCC_WARN_UNINITIALIZED_AUTOS = YES_AGGRESSIVE;
				GCC_WARN_UNUSED_FUNCTION = YES;
				GCC_WARN_UNUSED_VARIABLE = YES;
				IPHONEOS_DEPLOYMENT_TARGET = 18.4;
				LOCALIZATION_PREFERS_STRING_CATALOGS = YES;
				MTL_ENABLE_DEBUG_INFO = INCLUDE_SOURCE;
				MTL_FAST_MATH = YES;
				ONLY_ACTIVE_ARCH = YES;
				SDKROOT = iphoneos;
				SWIFT_ACTIVE_COMPILATION_CONDITIONS = "DEBUG $(inherited)";
				SWIFT_OPTIMIZATION_LEVEL = "-Onone";
			};
			name = Debug;
		};
		B9DA6B562E11972000B2BDD0 /* Release */ = {
			isa = XCBuildConfiguration;
			buildSettings = {
				ALWAYS_SEARCH_USER_PATHS = NO;
				ASSETCATALOG_COMPILER_GENERATE_SWIFT_ASSET_SYMBOL_EXTENSIONS = YES;
				CLANG_ANALYZER_NONNULL = YES;
				CLANG_ANALYZER_NUMBER_OBJECT_CONVERSION = YES_AGGRESSIVE;
				CLANG_CXX_LANGUAGE_STANDARD = "gnu++20";
				CLANG_ENABLE_MODULES = YES;
				CLANG_ENABLE_OBJC_ARC = YES;
				CLANG_ENABLE_OBJC_WEAK = YES;
				CLANG_WARN_BLOCK_CAPTURE_AUTORELEASING = YES;
				CLANG_WARN_BOOL_CONVERSION = YES;
				CLANG_WARN_COMMA = YES;
				CLANG_WARN_CONSTANT_CONVERSION = YES;
				CLANG_WARN_DEPRECATED_OBJC_IMPLEMENTATIONS = YES;
				CLANG_WARN_DIRECT_OBJC_ISA_USAGE = YES_ERROR;
				CLANG_WARN_DOCUMENTATION_COMMENTS = YES;
				CLANG_WARN_EMPTY_BODY = YES;
				CLANG_WARN_ENUM_CONVERSION = YES;
				CLANG_WARN_INFINITE_RECURSION = YES;
				CLANG_WARN_INT_CONVERSION = YES;
				CLANG_WARN_NON_LITERAL_NULL_CONVERSION = YES;
				CLANG_WARN_OBJC_IMPLICIT_RETAIN_SELF = YES;
				CLANG_WARN_OBJC_LITERAL_CONVERSION = YES;
				CLANG_WARN_OBJC_ROOT_CLASS = YES_ERROR;
				CLANG_WARN_QUOTED_INCLUDE_IN_FRAMEWORK_HEADER = YES;
				CLANG_WARN_RANGE_LOOP_ANALYSIS = YES;
				CLANG_WARN_STRICT_PROTOTYPES = YES;
				CLANG_WARN_SUSPICIOUS_MOVE = YES;
				CLANG_WARN_UNGUARDED_AVAILABILITY = YES_AGGRESSIVE;
				CLANG_WARN_UNREACHABLE_CODE = YES;
				CLANG_WARN__DUPLICATE_METHOD_MATCH = YES;
				COPY_PHASE_STRIP = NO;
				DEBUG_INFORMATION_FORMAT = "dwarf-with-dsym";
				DEVELOPMENT_TEAM = LGDK2TXW59;
				ENABLE_NS_ASSERTIONS = NO;
				ENABLE_STRICT_OBJC_MSGSEND = YES;
				ENABLE_USER_SCRIPT_SANDBOXING = YES;
				GCC_C_LANGUAGE_STANDARD = gnu17;
				GCC_NO_COMMON_BLOCKS = YES;
				GCC_WARN_64_TO_32_BIT_CONVERSION = YES;
				GCC_WARN_ABOUT_RETURN_TYPE = YES_ERROR;
				GCC_WARN_UNDECLARED_SELECTOR = YES;
				GCC_WARN_UNINITIALIZED_AUTOS = YES_AGGRESSIVE;
				GCC_WARN_UNUSED_FUNCTION = YES;
				GCC_WARN_UNUSED_VARIABLE = YES;
				IPHONEOS_DEPLOYMENT_TARGET = 18.4;
				LOCALIZATION_PREFERS_STRING_CATALOGS = YES;
				MTL_ENABLE_DEBUG_INFO = NO;
				MTL_FAST_MATH = YES;
				SDKROOT = iphoneos;
				SWIFT_COMPILATION_MODE = wholemodule;
				VALIDATE_PRODUCT = YES;
			};
			name = Release;
		};
		B9DA6B582E11972000B2BDD0 /* Debug */ = {
			isa = XCBuildConfiguration;
			buildSettings = {
				ASSETCATALOG_COMPILER_APPICON_NAME = AppIcon;
				ASSETCATALOG_COMPILER_GLOBAL_ACCENT_COLOR_NAME = AccentColor;
				CODE_SIGN_STYLE = Automatic;
				CURRENT_PROJECT_VERSION = 1;
				DEVELOPMENT_TEAM = LGDK2TXW59;
				ENABLE_PREVIEWS = YES;
				GENERATE_INFOPLIST_FILE = YES;
				INFOPLIST_KEY_UIApplicationSceneManifest_Generation = YES;
				INFOPLIST_KEY_UIApplicationSupportsIndirectInputEvents = YES;
				INFOPLIST_KEY_UILaunchScreen_Generation = YES;
				INFOPLIST_KEY_UISupportedInterfaceOrientations_iPad = "UIInterfaceOrientationPortrait UIInterfaceOrientationPortraitUpsideDown UIInterfaceOrientationLandscapeLeft UIInterfaceOrientationLandscapeRight";
				INFOPLIST_KEY_UISupportedInterfaceOrientations_iPhone = "UIInterfaceOrientationPortrait UIInterfaceOrientationLandscapeLeft UIInterfaceOrientationLandscapeRight";
				LD_RUNPATH_SEARCH_PATHS = (
					"$(inherited)",
					"@executable_path/Frameworks",
				);
				MARKETING_VERSION = 1.0;
				PRODUCT_BUNDLE_IDENTIFIER = com.dostanturlybek.SwiftUIMasterCourse;
				PRODUCT_NAME = "$(TARGET_NAME)";
				SWIFT_EMIT_LOC_STRINGS = YES;
				SWIFT_VERSION = 5.0;
				TARGETED_DEVICE_FAMILY = "1,2";
			};
			name = Debug;
		};
		B9DA6B592E11972000B2BDD0 /* Release */ = {
			isa = XCBuildConfiguration;
			buildSettings = {
				ASSETCATALOG_COMPILER_APPICON_NAME = AppIcon;
				ASSETCATALOG_COMPILER_GLOBAL_ACCENT_COLOR_NAME = AccentColor;
				CODE_SIGN_STYLE = Automatic;
				CURRENT_PROJECT_VERSION = 1;
				DEVELOPMENT_TEAM = LGDK2TXW59;
				ENABLE_PREVIEWS = YES;
				GENERATE_INFOPLIST_FILE = YES;
				INFOPLIST_KEY_UIApplicationSceneManifest_Generation = YES;
				INFOPLIST_KEY_UIApplicationSupportsIndirectInputEvents = YES;
				INFOPLIST_KEY_UILaunchScreen_Generation = YES;
				INFOPLIST_KEY_UISupportedInterfaceOrientations_iPad = "UIInterfaceOrientationPortrait UIInterfaceOrientationPortraitUpsideDown UIInterfaceOrientationLandscapeLeft UIInterfaceOrientationLandscapeRight";
				INFOPLIST_KEY_UISupportedInterfaceOrientations_iPhone = "UIInterfaceOrientationPortrait UIInterfaceOrientationLandscapeLeft UIInterfaceOrientationLandscapeRight";
				LD_RUNPATH_SEARCH_PATHS = (
					"$(inherited)",
					"@executable_path/Frameworks",
				);
				MARKETING_VERSION = 1.0;
				PRODUCT_BUNDLE_IDENTIFIER = com.dostanturlybek.SwiftUIMasterCourse;
				PRODUCT_NAME = "$(TARGET_NAME)";
				SWIFT_EMIT_LOC_STRINGS = YES;
				SWIFT_VERSION = 5.0;
				TARGETED_DEVICE_FAMILY = "1,2";
			};
			name = Release;
		};
/* End XCBuildConfiguration section */

/* Begin XCConfigurationList section */
		B9DA6B472E11971E00B2BDD0 /* Build configuration list for PBXProject "SwiftUIMasterCourse" */ = {
			isa = XCConfigurationList;
			buildConfigurations = (
				B9DA6B552E11972000B2BDD0 /* Debug */,
				B9DA6B562E11972000B2BDD0 /* Release */,
			);
			defaultConfigurationIsVisible = 0;
			defaultConfigurationName = Release;
		};
		B9DA6B572E11972000B2BDD0 /* Build configuration list for PBXNativeTarget "SwiftUIMasterCourse" */ = {
			isa = XCConfigurationList;
			buildConfigurations = (
				B9DA6B582E11972000B2BDD0 /* Debug */,
				B9DA6B592E11972000B2BDD0 /* Release */,
			);
			defaultConfigurationIsVisible = 0;
			defaultConfigurationName = Release;
		};
/* End XCConfigurationList section */
	};
	rootObject = B9DA6B442E11971E00B2BDD0 /* Project object */;
}
